# This file is automatically @generated by Cargo.
# It is not intended for manual editing.
version = 4

[[package]]
name = "bit-vec"
version = "0.8.0"
source = "registry+https://github.com/rust-lang/crates.io-index"
checksum = "5e764a1d40d510daf35e07be9eb06e75770908c27d411ee6c92109c9840eaaf7"

[[package]]
name = "bitvector"
version = "0.1.5"
source = "registry+https://github.com/rust-lang/crates.io-index"
checksum = "4de5fdcad0b12d843c0b535976ba5f5110ecde436161a7f3cda255674cfc28cb"

[[package]]
name = "compress"
version = "0.1.0"
dependencies = [
 "bit-vec",
 "bitvector",
]
